{
  "name": "node-ts-template",
  "version": "0.0.0",
  "lockfileVersion": 3,
  "requires": true,
  "packages": {
    "": {
      "name": "node-ts-template",
      "version": "0.0.0",
      "license": "publicDomain",
      "devDependencies": {
        "@types/node": "22.6.2",
        "typescript": "5.9.3"
      },
      "engines": {
        "node": ">=22.6"
      }
    },
    "node_modules/@types/node": {
      "version": "22.6.2",
      "resolved": "https://registry.npmjs.org/@types/node/-/node-22.6.2.tgz",
      "integrity": "sha512-roF5SJIJFOiDNf+vO6h/a0Y02/U4wJ7KwgDNrBdkBGUstvOkct7JQaSkF16jXn/UsAhvNeLEXqyuN6EUvg6+xw==",
      "dev": true,
      "license": "MIT",
      "dependencies": {
        "undici-types": "~6.19.2"
      }
    },
    "node_modules/typescript": {
      "version": "5.9.3",
      "resolved": "https://registry.npmjs.org/typescript/-/typescript-5.9.3.tgz",
      "integrity": "sha512-jl1vZzPDinLr9eUt3J/t7V6FgNEw9QjvBPdysz9KfQDD41fQrC2Y4vKQdiaUpFT4bXlb1RHhLpp8wtm6M5TgSw==",
      "dev": true,
      "license": "Apache-2.0",
      "bin": {
        "tsc": "bin/tsc",
        "tsserver": "bin/tsserver"
      },
      "engines": {
        "node": ">=14.17"
      }
    },
    "node_modules/undici-types": {
      "version": "6.19.8",
      "resolved": "https://registry.npmjs.org/undici-types/-/undici-types-6.19.8.tgz",
      "integrity": "sha512-ve2KP6f/JnbPBFyobGHuerC9g1FYGn/F8n1LWTwNxCEzd6IfqTwUQcNXgEtmmQ6DlRrC1hrSrBnCZPokRrDHjw==",
      "dev": true,
      "license": "MIT"
    }
  }
}
